PODS:
  - Commons (1.0):
    - Unstringified
  - Unstringified (0.3.1)

DEPENDENCIES:
  - Commons (from `Modules/Commons/`)
  - Unstringified (from `../../`)

EXTERNAL SOURCES:
  Commons:
    :path: Modules/Commons/
  Unstringified:
    :path: "../../"

SPEC CHECKSUMS:
  Commons: e9069e5e7c1b0cf8c0e3bba77e0d7c39f2a61f0e
  Unstringified: 80a50c6a1596343789f0e95552f83fd52871a20e

PODFILE CHECKSUM: fe408bb75f071109fd01d3a8bc8d971b401816ce

COCOAPODS: 1.7.4
